// !$*UTF8*$!
{
	archiveVersion = 1;
	classes = {
	};
	objectVersion = 50;
	objects = {

/* Begin PBXBuildFile section */
		B946C5F323E326FB00843581 /* AppDelegate.swift in Sources */ = {isa = PBXBuildFile; fileRef = B946C5F223E326FB00843581 /* AppDelegate.swift */; };
		B946C5F723E326FB00843581 /* ViewController.swift in Sources */ = {isa = PBXBuildFile; fileRef = B946C5F623E326FB00843581 /* ViewController.swift */; };
		B946C5FA23E326FB00843581 /* Main.storyboard in Resources */ = {isa = PBXBuildFile; fileRef = B946C5F823E326FB00843581 /* Main.storyboard */; };
		B946C5FC23E326FD00843581 /* Assets.xcassets in Resources */ = {isa = PBXBuildFile; fileRef = B946C5FB23E326FD00843581 /* Assets.xcassets */; };
		B946C5FF23E326FD00843581 /* LaunchScreen.storyboard in Resources */ = {isa = PBXBuildFile; fileRef = B946C5FD23E326FD00843581 /* LaunchScreen.storyboard */; };
		B946C60723E3275600843581 /* AODialogView.swift in Sources */ = {isa = PBXBuildFile; fileRef = B946C60623E3275600843581 /* AODialogView.swift */; };
		B98FBD8E243F7240003626F3 /* Default-568h@2x.png in Resources */ = {isa = PBXBuildFile; fileRef = B98FBD8D243F7240003626F3 /* Default-568h@2x.png */; };
/* End PBXBuildFile section */

/* Begin PBXFileReference section */
		B946C5EF23E326FB00843581 /* AODialogView-Example.app */ = {isa = PBXFileReference; explicitFileType = wrapper.application; includeInIndex = 0; path = "AODialogView-Example.app"; sourceTree = BUILT_PRODUCTS_DIR; };
		B946C5F223E326FB00843581 /* AppDelegate.swift */ = {isa = PBXFileReference; lastKnownFileType = sourcecode.swift; path = AppDelegate.swift; sourceTree = "<group>"; };
		B946C5F623E326FB00843581 /* ViewController.swift */ = {isa = PBXFileReference; lastKnownFileType = sourcecode.swift; path = ViewController.swift; sourceTree = "<group>"; };
		B946C5F923E326FB00843581 /* Base */ = {isa = PBXFileReference; lastKnownFileType = file.storyboard; name = Base; path = Base.lproj/Main.storyboard; sourceTree = "<group>"; };
		B946C5FB23E326FD00843581 /* Assets.xcassets */ = {isa = PBXFileReference; lastKnownFileType = folder.assetcatalog; path = Assets.xcassets; sourceTree = "<group>"; };
		B946C5FE23E326FD00843581 /* Base */ = {isa = PBXFileReference; lastKnownFileType = file.storyboard; name = Base; path = Base.lproj/LaunchScreen.storyboard; sourceTree = "<group>"; };
		B946C60023E326FD00843581 /* Info.plist */ = {isa = PBXFileReference; lastKnownFileType = text.plist.xml; path = Info.plist; sourceTree = "<group>"; };
		B946C60623E3275600843581 /* AODialogView.swift */ = {isa = PBXFileReference; lastKnownFileType = sourcecode.swift; path = AODialogView.swift; sourceTree = "<group>"; };
		B98FBD8D243F7240003626F3 /* Default-568h@2x.png */ = {isa = PBXFileReference; lastKnownFileType = image.png; path = "Default-568h@2x.png"; sourceTree = "<group>"; };
/* End PBXFileReference section */

/* Begin PBXFrameworksBuildPhase section */
		B946C5EC23E326FB00843581 /* Frameworks */ = {
			isa = PBXFrameworksBuildPhase;
			buildActionMask = 2147483647;
			files = (
			);
			runOnlyForDeploymentPostprocessing = 0;
		};
/* End PBXFrameworksBuildPhase section */

/* Begin PBXGroup section */
		B946C5E623E326FB00843581 = {
			isa = PBXGroup;
			children = (
				B98FBD8D243F7240003626F3 /* Default-568h@2x.png */,
				B946C5F123E326FB00843581 /* AODialogView-Example */,
				B946C5F023E326FB00843581 /* Products */,
			);
			sourceTree = "<group>";
		};
		B946C5F023E326FB00843581 /* Products */ = {
			isa = PBXGroup;
			children = (
				B946C5EF23E326FB00843581 /* AODialogView-Example.app */,
			);
			name = Products;
			sourceTree = "<group>";
		};
		B946C5F123E326FB00843581 /* AODialogView-Example */ = {
			isa = PBXGroup;
			children = (
				B946C5F223E326FB00843581 /* AppDelegate.swift */,
				B946C5F623E326FB00843581 /* ViewController.swift */,
				B946C60623E3275600843581 /* AODialogView.swift */,
				B946C5F823E326FB00843581 /* Main.storyboard */,
				B946C5FB23E326FD00843581 /* Assets.xcassets */,
				B946C5FD23E326FD00843581 /* LaunchScreen.storyboard */,
				B946C60023E326FD00843581 /* Info.plist */,
			);
			path = "AODialogView-Example";
			sourceTree = "<group>";
		};
/* End PBXGroup section */

/* Begin PBXNativeTarget section */
		B946C5EE23E326FB00843581 /* AODialogView-Example */ = {
			isa = PBXNativeTarget;
			buildConfigurationList = B946C60323E326FD00843581 /* Build configuration list for PBXNativeTarget "AODialogView-Example" */;
			buildPhases = (
				B946C5EB23E326FB00843581 /* Sources */,
				B946C5EC23E326FB00843581 /* Frameworks */,
				B946C5ED23E326FB00843581 /* Resources */,
			);
			buildRules = (
			);
			dependencies = (
			);
			name = "AODialogView-Example";
			productName = DialogAlert;
			productReference = B946C5EF23E326FB00843581 /* AODialogView-Example.app */;
			productType = "com.apple.product-type.application";
		};
/* End PBXNativeTarget section */

/* Begin PBXProject section */
		B946C5E723E326FB00843581 /* Project object */ = {
			isa = PBXProject;
			attributes = {
				LastSwiftUpdateCheck = 1130;
				LastUpgradeCheck = 1130;
				ORGANIZATIONNAME = "Alexander Orlov";
				TargetAttributes = {
					B946C5EE23E326FB00843581 = {
						CreatedOnToolsVersion = 11.3.1;
					};
				};
			};
			buildConfigurationList = B946C5EA23E326FB00843581 /* Build configuration list for PBXProject "AODialogView-Example" */;
			compatibilityVersion = "Xcode 9.3";
			developmentRegion = en;
			hasScannedForEncodings = 0;
			knownRegions = (
				en,
				Base,
			);
			mainGroup = B946C5E623E326FB00843581;
			productRefGroup = B946C5F023E326FB00843581 /* Products */;
			projectDirPath = "";
			projectRoot = "";
			targets = (
				B946C5EE23E326FB00843581 /* AODialogView-Example */,
			);
		};
/* End PBXProject section */

/* Begin PBXResourcesBuildPhase section */
		B946C5ED23E326FB00843581 /* Resources */ = {
			isa = PBXResourcesBuildPhase;
			buildActionMask = 2147483647;
			files = (
				B946C5FF23E326FD00843581 /* LaunchScreen.storyboard in Resources */,
				B98FBD8E243F7240003626F3 /* Default-568h@2x.png in Resources */,
				B946C5FC23E326FD00843581 /* Assets.xcassets in Resources */,
				B946C5FA23E326FB00843581 /* Main.storyboard in Resources */,
			);
			runOnlyForDeploymentPostprocessing = 0;
		};
/* End PBXResourcesBuildPhase section */

/* Begin PBXSourcesBuildPhase section */
		B946C5EB23E326FB00843581 /* Sources */ = {
			isa = PBXSourcesBuildPhase;
			buildActionMask = 2147483647;
			files = (
				B946C5F723E326FB00843581 /* ViewController.swift in Sources */,
				B946C60723E3275600843581 /* AODialogView.swift in Sources */,
				B946C5F323E326FB00843581 /* AppDelegate.swift in Sources */,
			);
			runOnlyForDeploymentPostprocessing = 0;
		};
/* End PBXSourcesBuildPhase section */

/* Begin PBXVariantGroup section */
		B946C5F823E326FB00843581 /* Main.storyboard */ = {
			isa = PBXVariantGroup;
			children = (
				B946C5F923E326FB00843581 /* Base */,
			);
			name = Main.storyboard;
			sourceTree = "<group>";
		};
		B946C5FD23E326FD00843581 /* LaunchScreen.storyboard */ = {
			isa = PBXVariantGroup;
			children = (
				B946C5FE23E326FD00843581 /* Base */,
			);
			name = LaunchScreen.storyboard;
			sourceTree = "<group>";
		};
/* End PBXVariantGroup section */

/* Begin XCBuildConfiguration section */
		B946C60123E326FD00843581 /* Debug */ = {
			isa = XCBuildConfiguration;
			buildSettings = {
				ALWAYS_SEARCH_USER_PATHS = NO;
				CLANG_ANALYZER_NONNULL = YES;
				CLANG_ANALYZER_NUMBER_OBJECT_CONVERSION = YES_AGGRESSIVE;
				CLANG_CXX_LANGUAGE_STANDARD = "gnu++14";
				CLANG_CXX_LIBRARY = "libc++";
				CLANG_ENABLE_MODULES = YES;
				CLANG_ENABLE_OBJC_ARC = YES;
				CLANG_ENABLE_OBJC_WEAK = YES;
				CLANG_WARN_BLOCK_CAPTURE_AUTORELEASING = YES;
				CLANG_WARN_BOOL_CONVERSION = YES;
				CLANG_WARN_COMMA = YES;
				CLANG_WARN_CONSTANT_CONVERSION = YES;
				CLANG_WARN_DEPRECATED_OBJC_IMPLEMENTATIONS = YES;
				CLANG_WARN_DIRECT_OBJC_ISA_USAGE = YES_ERROR;
				CLANG_WARN_DOCUMENTATION_COMMENTS = YES;
				CLANG_WARN_EMPTY_BODY = YES;
				CLANG_WARN_ENUM_CONVERSION = YES;
				CLANG_WARN_INFINITE_RECURSION = YES;
				CLANG_WARN_INT_CONVERSION = YES;
				CLANG_WARN_NON_LITERAL_NULL_CONVERSION = YES;
				CLANG_WARN_OBJC_IMPLICIT_RETAIN_SELF = YES;
				CLANG_WARN_OBJC_LITERAL_CONVERSION = YES;
				CLANG_WARN_OBJC_ROOT_CLASS = YES_ERROR;
				CLANG_WARN_RANGE_LOOP_ANALYSIS = YES;
				CLANG_WARN_STRICT_PROTOTYPES = YES;
				CLANG_WARN_SUSPICIOUS_MOVE = YES;
				CLANG_WARN_UNGUARDED_AVAILABILITY = YES_AGGRESSIVE;
				CLANG_WARN_UNREACHABLE_CODE = YES;
				CLANG_WARN__DUPLICATE_METHOD_MATCH = YES;
				COPY_PHASE_STRIP = NO;
				DEBUG_INFORMATION_FORMAT = dwarf;
				ENABLE_STRICT_OBJC_MSGSEND = YES;
				ENABLE_TESTABILITY = YES;
				GCC_C_LANGUAGE_STANDARD = gnu11;
				GCC_DYNAMIC_NO_PIC = NO;
				GCC_NO_COMMON_BLOCKS = YES;
				GCC_OPTIMIZATION_LEVEL = 0;
				GCC_PREPROCESSOR_DEFINITIONS = (
					"DEBUG=1",
					"$(inherited)",
				);
				GCC_WARN_64_TO_32_BIT_CONVERSION = YES;
				GCC_WARN_ABOUT_RETURN_TYPE = YES_ERROR;
				GCC_WARN_UNDECLARED_SELECTOR = YES;
				GCC_WARN_UNINITIALIZED_AUTOS = YES_AGGRESSIVE;
				GCC_WARN_UNUSED_FUNCTION = YES;
				GCC_WARN_UNUSED_VARIABLE = YES;
				IPHONEOS_DEPLOYMENT_TARGET = 13.2;
				MTL_ENABLE_DEBUG_INFO = INCLUDE_SOURCE;
				MTL_FAST_MATH = YES;
				ONLY_ACTIVE_ARCH = YES;
				SDKROOT = iphoneos;
				SWIFT_ACTIVE_COMPILATION_CONDITIONS = DEBUG;
				SWIFT_OPTIMIZATION_LEVEL = "-Onone";
			};
			name = Debug;
		};
		B946C60223E326FD00843581 /* Release */ = {
			isa = XCBuildConfiguration;
			buildSettings = {
				ALWAYS_SEARCH_USER_PATHS = NO;
				CLANG_ANALYZER_NONNULL = YES;
				CLANG_ANALYZER_NUMBER_OBJECT_CONVERSION = YES_AGGRESSIVE;
				CLANG_CXX_LANGUAGE_STANDARD = "gnu++14";
				CLANG_CXX_LIBRARY = "libc++";
				CLANG_ENABLE_MODULES = YES;
				CLANG_ENABLE_OBJC_ARC = YES;
				CLANG_ENABLE_OBJC_WEAK = YES;
				CLANG_WARN_BLOCK_CAPTURE_AUTORELEASING = YES;
				CLANG_WARN_BOOL_CONVERSION = YES;
				CLANG_WARN_COMMA = YES;
				CLANG_WARN_CONSTANT_CONVERSION = YES;
				CLANG_WARN_DEPRECATED_OBJC_IMPLEMENTATIONS = YES;
				CLANG_WARN_DIRECT_OBJC_ISA_USAGE = YES_ERROR;
				CLANG_WARN_DOCUMENTATION_COMMENTS = YES;
				CLANG_WARN_EMPTY_BODY = YES;
				CLANG_WARN_ENUM_CONVERSION = YES;
				CLANG_WARN_INFINITE_RECURSION = YES;
				CLANG_WARN_INT_CONVERSION = YES;
				CLANG_WARN_NON_LITERAL_NULL_CONVERSION = YES;
				CLANG_WARN_OBJC_IMPLICIT_RETAIN_SELF = YES;
				CLANG_WARN_OBJC_LITERAL_CONVERSION = YES;
				CLANG_WARN_OBJC_ROOT_CLASS = YES_ERROR;
				CLANG_WARN_RANGE_LOOP_ANALYSIS = YES;
				CLANG_WARN_STRICT_PROTOTYPES = YES;
				CLANG_WARN_SUSPICIOUS_MOVE = YES;
				CLANG_WARN_UNGUARDED_AVAILABILITY = YES_AGGRESSIVE;
				CLANG_WARN_UNREACHABLE_CODE = YES;
				CLANG_WARN__DUPLICATE_METHOD_MATCH = YES;
				COPY_PHASE_STRIP = NO;
				DEBUG_INFORMATION_FORMAT = "dwarf-with-dsym";
				ENABLE_NS_ASSERTIONS = NO;
				ENABLE_STRICT_OBJC_MSGSEND = YES;
				GCC_C_LANGUAGE_STANDARD = gnu11;
				GCC_NO_COMMON_BLOCKS = YES;
				GCC_WARN_64_TO_32_BIT_CONVERSION = YES;
				GCC_WARN_ABOUT_RETURN_TYPE = YES_ERROR;
				GCC_WARN_UNDECLARED_SELECTOR = YES;
				GCC_WARN_UNINITIALIZED_AUTOS = YES_AGGRESSIVE;
				GCC_WARN_UNUSED_FUNCTION = YES;
				GCC_WARN_UNUSED_VARIABLE = YES;
				IPHONEOS_DEPLOYMENT_TARGET = 13.2;
				MTL_ENABLE_DEBUG_INFO = NO;
				MTL_FAST_MATH = YES;
				SDKROOT = iphoneos;
				SWIFT_COMPILATION_MODE = wholemodule;
				SWIFT_OPTIMIZATION_LEVEL = "-O";
				VALIDATE_PRODUCT = YES;
			};
			name = Release;
		};
		B946C60423E326FD00843581 /* Debug */ = {
			isa = XCBuildConfiguration;
			buildSettings = {
				ASSETCATALOG_COMPILER_APPICON_NAME = AppIcon;
				CODE_SIGN_STYLE = Manual;
				DEVELOPMENT_TEAM = "";
				INFOPLIST_FILE = "$(SRCROOT)/AODialogView-Example/Info.plist";
				IPHONEOS_DEPLOYMENT_TARGET = 10.0;
				LD_RUNPATH_SEARCH_PATHS = (
					"$(inherited)",
					"@executable_path/Frameworks",
				);
				PRODUCT_BUNDLE_IDENTIFIER = "com.ao.aodialogview-example";
				PRODUCT_NAME = "AODialogView-Example";
				PROVISIONING_PROFILE_SPECIFIER = "";
				SWIFT_VERSION = 5.0;
				TARGETED_DEVICE_FAMILY = "1,2";
			};
			name = Debug;
		};
		B946C60523E326FD00843581 /* Release */ = {
			isa = XCBuildConfiguration;
			buildSettings = {
				ASSETCATALOG_COMPILER_APPICON_NAME = AppIcon;
				CODE_SIGN_STYLE = Manual;
				DEVELOPMENT_TEAM = "";
				INFOPLIST_FILE = "$(SRCROOT)/AODialogView-Example/Info.plist";
				IPHONEOS_DEPLOYMENT_TARGET = 10.0;
				LD_RUNPATH_SEARCH_PATHS = (
					"$(inherited)",
					"@executable_path/Frameworks",
				);
				PRODUCT_BUNDLE_IDENTIFIER = "com.ao.aodialogview-example";
				PRODUCT_NAME = "AODialogView-Example";
				PROVISIONING_PROFILE_SPECIFIER = "";
				SWIFT_VERSION = 5.0;
				TARGETED_DEVICE_FAMILY = "1,2";
			};
			name = Release;
		};
/* End XCBuildConfiguration section */

/* Begin XCConfigurationList section */
		B946C5EA23E326FB00843581 /* Build configuration list for PBXProject "AODialogView-Example" */ = {
			isa = XCConfigurationList;
			buildConfigurations = (
				B946C60123E326FD00843581 /* Debug */,
				B946C60223E326FD00843581 /* Release */,
			);
			defaultConfigurationIsVisible = 0;
			defaultConfigurationName = Release;
		};
		B946C60323E326FD00843581 /* Build configuration list for PBXNativeTarget "AODialogView-Example" */ = {
			isa = XCConfigurationList;
			buildConfigurations = (
				B946C60423E326FD00843581 /* Debug */,
				B946C60523E326FD00843581 /* Release */,
			);
			defaultConfigurationIsVisible = 0;
			defaultConfigurationName = Release;
		};
/* End XCConfigurationList section */
	};
	rootObject = B946C5E723E326FB00843581 /* Project object */;
}
